// !$*UTF8*$!
{
	archiveVersion = 1;
	classes = {
	};
	objectVersion = 50;
	objects = {

/* Begin PBXBuildFile section */
		AC1DA96623950811006F2436 /* AppDelegate.swift in Sources */ = {isa = PBXBuildFile; fileRef = AC1DA96523950811006F2436 /* AppDelegate.swift */; };
		AC1DA96823950811006F2436 /* SceneDelegate.swift in Sources */ = {isa = PBXBuildFile; fileRef = AC1DA96723950811006F2436 /* SceneDelegate.swift */; };
		AC1DA96A23950811006F2436 /* ContentView.swift in Sources */ = {isa = PBXBuildFile; fileRef = AC1DA96923950811006F2436 /* ContentView.swift */; };
		AC1DA96C23950819006F2436 /* Assets.xcassets in Resources */ = {isa = PBXBuildFile; fileRef = AC1DA96B23950819006F2436 /* Assets.xcassets */; };
		AC1DA96F23950819006F2436 /* Preview Assets.xcassets in Resources */ = {isa = PBXBuildFile; fileRef = AC1DA96E23950819006F2436 /* Preview Assets.xcassets */; };
		AC1DA97223950819006F2436 /* LaunchScreen.storyboard in Resources */ = {isa = PBXBuildFile; fileRef = AC1DA97023950819006F2436 /* LaunchScreen.storyboard */; };
		AC1DA98123950A06006F2436 /* AuthState.swift in Sources */ = {isa = PBXBuildFile; fileRef = AC1DA97C23950A06006F2436 /* AuthState.swift */; };
		AC1DA98223950A06006F2436 /* SignInWithAppleDelegates.swift in Sources */ = {isa = PBXBuildFile; fileRef = AC1DA97D23950A06006F2436 /* SignInWithAppleDelegates.swift */; };
		AC1DA98323950A06006F2436 /* EnvironmentWindowKey.swift in Sources */ = {isa = PBXBuildFile; fileRef = AC1DA97E23950A06006F2436 /* EnvironmentWindowKey.swift */; };
		AC1DA98423950A06006F2436 /* SignInWithAppleButton.swift in Sources */ = {isa = PBXBuildFile; fileRef = AC1DA97F23950A06006F2436 /* SignInWithAppleButton.swift */; };
		AC1DA98523950A06006F2436 /* SignInWithAppleManager.swift in Sources */ = {isa = PBXBuildFile; fileRef = AC1DA98023950A06006F2436 /* SignInWithAppleManager.swift */; };
		AC1DA98723951812006F2436 /* LaunchScreenView.swift in Sources */ = {isa = PBXBuildFile; fileRef = AC1DA98623951812006F2436 /* LaunchScreenView.swift */; };
		AC1DA9892395183F006F2436 /* LoginView.swift in Sources */ = {isa = PBXBuildFile; fileRef = AC1DA9882395183F006F2436 /* LoginView.swift */; };
		AC1DA98C2395188D006F2436 /* MainView.swift in Sources */ = {isa = PBXBuildFile; fileRef = AC1DA98B2395188D006F2436 /* MainView.swift */; };
/* End PBXBuildFile section */

/* Begin PBXFileReference section */
		327456C6DBBFA98F91072286 /* Pods-Apple Signin with SwiftUI.release.xcconfig */ = {isa = PBXFileReference; includeInIndex = 1; lastKnownFileType = text.xcconfig; name = "Pods-Apple Signin with SwiftUI.release.xcconfig"; path = "Target Support Files/Pods-Apple Signin with SwiftUI/Pods-Apple Signin with SwiftUI.release.xcconfig"; sourceTree = "<group>"; };
		43E1E764BF44A669E27465D8 /* Pods-Apple Signin with SwiftUI.debug.xcconfig */ = {isa = PBXFileReference; includeInIndex = 1; lastKnownFileType = text.xcconfig; name = "Pods-Apple Signin with SwiftUI.debug.xcconfig"; path = "Target Support Files/Pods-Apple Signin with SwiftUI/Pods-Apple Signin with SwiftUI.debug.xcconfig"; sourceTree = "<group>"; };
		AC1DA96223950811006F2436 /* BluHome.app */ = {isa = PBXFileReference; explicitFileType = wrapper.application; includeInIndex = 0; path = BluHome.app; sourceTree = BUILT_PRODUCTS_DIR; };
		AC1DA96523950811006F2436 /* AppDelegate.swift */ = {isa = PBXFileReference; lastKnownFileType = sourcecode.swift; path = AppDelegate.swift; sourceTree = "<group>"; };
		AC1DA96723950811006F2436 /* SceneDelegate.swift */ = {isa = PBXFileReference; lastKnownFileType = sourcecode.swift; path = SceneDelegate.swift; sourceTree = "<group>"; };
		AC1DA96923950811006F2436 /* ContentView.swift */ = {isa = PBXFileReference; lastKnownFileType = sourcecode.swift; path = ContentView.swift; sourceTree = "<group>"; };
		AC1DA96B23950819006F2436 /* Assets.xcassets */ = {isa = PBXFileReference; lastKnownFileType = folder.assetcatalog; path = Assets.xcassets; sourceTree = "<group>"; };
		AC1DA96E23950819006F2436 /* Preview Assets.xcassets */ = {isa = PBXFileReference; lastKnownFileType = folder.assetcatalog; path = "Preview Assets.xcassets"; sourceTree = "<group>"; };
		AC1DA97123950819006F2436 /* Base */ = {isa = PBXFileReference; lastKnownFileType = file.storyboard; name = Base; path = Base.lproj/LaunchScreen.storyboard; sourceTree = "<group>"; };
		AC1DA97323950819006F2436 /* Info.plist */ = {isa = PBXFileReference; lastKnownFileType = text.plist.xml; path = Info.plist; sourceTree = "<group>"; };
		AC1DA97C23950A06006F2436 /* AuthState.swift */ = {isa = PBXFileReference; fileEncoding = 4; lastKnownFileType = sourcecode.swift; path = AuthState.swift; sourceTree = "<group>"; };
		AC1DA97D23950A06006F2436 /* SignInWithAppleDelegates.swift */ = {isa = PBXFileReference; fileEncoding = 4; lastKnownFileType = sourcecode.swift; path = SignInWithAppleDelegates.swift; sourceTree = "<group>"; };
		AC1DA97E23950A06006F2436 /* EnvironmentWindowKey.swift */ = {isa = PBXFileReference; fileEncoding = 4; lastKnownFileType = sourcecode.swift; path = EnvironmentWindowKey.swift; sourceTree = "<group>"; };
		AC1DA97F23950A06006F2436 /* SignInWithAppleButton.swift */ = {isa = PBXFileReference; fileEncoding = 4; lastKnownFileType = sourcecode.swift; path = SignInWithAppleButton.swift; sourceTree = "<group>"; };
		AC1DA98023950A06006F2436 /* SignInWithAppleManager.swift */ = {isa = PBXFileReference; fileEncoding = 4; lastKnownFileType = sourcecode.swift; path = SignInWithAppleManager.swift; sourceTree = "<group>"; };
		AC1DA98623951812006F2436 /* LaunchScreenView.swift */ = {isa = PBXFileReference; lastKnownFileType = sourcecode.swift; path = LaunchScreenView.swift; sourceTree = "<group>"; };
		AC1DA9882395183F006F2436 /* LoginView.swift */ = {isa = PBXFileReference; lastKnownFileType = sourcecode.swift; path = LoginView.swift; sourceTree = "<group>"; };
		AC1DA98B2395188D006F2436 /* MainView.swift */ = {isa = PBXFileReference; lastKnownFileType = sourcecode.swift; path = MainView.swift; sourceTree = "<group>"; };
		AC3D0BFD2395365200B821CE /* Apple Signin with SwiftUI.entitlements */ = {isa = PBXFileReference; lastKnownFileType = text.plist.entitlements; path = "Apple Signin with SwiftUI.entitlements"; sourceTree = "<group>"; };
		CD35852B4FF2979E3687A7BE /* Pods_Apple_Signin_with_SwiftUI.framework */ = {isa = PBXFileReference; explicitFileType = wrapper.framework; includeInIndex = 0; path = Pods_Apple_Signin_with_SwiftUI.framework; sourceTree = BUILT_PRODUCTS_DIR; };
/* End PBXFileReference section */

/* Begin PBXFrameworksBuildPhase section */
		AC1DA95F23950811006F2436 /* Frameworks */ = {
			isa = PBXFrameworksBuildPhase;
			buildActionMask = 2147483647;
			files = (
			);
			runOnlyForDeploymentPostprocessing = 0;
		};
/* End PBXFrameworksBuildPhase section */

/* Begin PBXGroup section */
		516C559432E05C3DA13BF130 /* Pods */ = {
			isa = PBXGroup;
			children = (
				43E1E764BF44A669E27465D8 /* Pods-Apple Signin with SwiftUI.debug.xcconfig */,
				327456C6DBBFA98F91072286 /* Pods-Apple Signin with SwiftUI.release.xcconfig */,
			);
			path = Pods;
			sourceTree = "<group>";
		};
		A0F309C384478CEC89660121 /* Frameworks */ = {
			isa = PBXGroup;
			children = (
				CD35852B4FF2979E3687A7BE /* Pods_Apple_Signin_with_SwiftUI.framework */,
			);
			name = Frameworks;
			sourceTree = "<group>";
		};
		AC1DA95923950811006F2436 = {
			isa = PBXGroup;
			children = (
				AC1DA96423950811006F2436 /* Apple Signin with SwiftUI */,
				AC1DA96323950811006F2436 /* Products */,
				516C559432E05C3DA13BF130 /* Pods */,
				A0F309C384478CEC89660121 /* Frameworks */,
			);
			sourceTree = "<group>";
		};
		AC1DA96323950811006F2436 /* Products */ = {
			isa = PBXGroup;
			children = (
				AC1DA96223950811006F2436 /* BluHome.app */,
			);
			name = Products;
			sourceTree = "<group>";
		};
		AC1DA96423950811006F2436 /* Apple Signin with SwiftUI */ = {
			isa = PBXGroup;
			children = (
				AC3D0BFD2395365200B821CE /* Apple Signin with SwiftUI.entitlements */,
				AC1DA97B239509C3006F2436 /* SignInSupport */,
				AC1DA96523950811006F2436 /* AppDelegate.swift */,
				AC1DA96723950811006F2436 /* SceneDelegate.swift */,
				AC1DA96923950811006F2436 /* ContentView.swift */,
				AC1DA98B2395188D006F2436 /* MainView.swift */,
				AC1DA9882395183F006F2436 /* LoginView.swift */,
				AC1DA98623951812006F2436 /* LaunchScreenView.swift */,
				AC1DA96B23950819006F2436 /* Assets.xcassets */,
				AC1DA97023950819006F2436 /* LaunchScreen.storyboard */,
				AC1DA97323950819006F2436 /* Info.plist */,
				AC1DA96D23950819006F2436 /* Preview Content */,
			);
			path = "Apple Signin with SwiftUI";
			sourceTree = "<group>";
		};
		AC1DA96D23950819006F2436 /* Preview Content */ = {
			isa = PBXGroup;
			children = (
				AC1DA96E23950819006F2436 /* Preview Assets.xcassets */,
			);
			path = "Preview Content";
			sourceTree = "<group>";
		};
		AC1DA97B239509C3006F2436 /* SignInSupport */ = {
			isa = PBXGroup;
			children = (
				AC1DA97C23950A06006F2436 /* AuthState.swift */,
				AC1DA97E23950A06006F2436 /* EnvironmentWindowKey.swift */,
				AC1DA97F23950A06006F2436 /* SignInWithAppleButton.swift */,
				AC1DA97D23950A06006F2436 /* SignInWithAppleDelegates.swift */,
				AC1DA98023950A06006F2436 /* SignInWithAppleManager.swift */,
			);
			path = SignInSupport;
			sourceTree = "<group>";
		};
/* End PBXGroup section */

/* Begin PBXNativeTarget section */
		AC1DA96123950811006F2436 /* Apple Signin with SwiftUI */ = {
			isa = PBXNativeTarget;
			buildConfigurationList = AC1DA97623950819006F2436 /* Build configuration list for PBXNativeTarget "Apple Signin with SwiftUI" */;
			buildPhases = (
				F08C2FB9C7C4ACFE3AEA5CAB /* [CP] Check Pods Manifest.lock */,
				AC1DA95E23950811006F2436 /* Sources */,
				AC1DA95F23950811006F2436 /* Frameworks */,
				AC1DA96023950811006F2436 /* Resources */,
			);
			buildRules = (
			);
			dependencies = (
			);
			name = "Apple Signin with SwiftUI";
			productName = "Apple Signin with SwiftUI";
			productReference = AC1DA96223950811006F2436 /* BluHome.app */;
			productType = "com.apple.product-type.application";
		};
/* End PBXNativeTarget section */

/* Begin PBXProject section */
		AC1DA95A23950811006F2436 /* Project object */ = {
			isa = PBXProject;
			attributes = {
				LastSwiftUpdateCheck = 1130;
				LastUpgradeCheck = 1130;
				ORGANIZATIONNAME = "mohammad mugish";
				TargetAttributes = {
					AC1DA96123950811006F2436 = {
						CreatedOnToolsVersion = 11.3;
					};
				};
			};
			buildConfigurationList = AC1DA95D23950811006F2436 /* Build configuration list for PBXProject "Apple Signin with SwiftUI" */;
			compatibilityVersion = "Xcode 9.3";
			developmentRegion = en;
			hasScannedForEncodings = 0;
			knownRegions = (
				en,
				Base,
			);
			mainGroup = AC1DA95923950811006F2436;
			productRefGroup = AC1DA96323950811006F2436 /* Products */;
			projectDirPath = "";
			projectRoot = "";
			targets = (
				AC1DA96123950811006F2436 /* Apple Signin with SwiftUI */,
			);
		};
/* End PBXProject section */

/* Begin PBXResourcesBuildPhase section */
		AC1DA96023950811006F2436 /* Resources */ = {
			isa = PBXResourcesBuildPhase;
			buildActionMask = 2147483647;
			files = (
				AC1DA97223950819006F2436 /* LaunchScreen.storyboard in Resources */,
				AC1DA96F23950819006F2436 /* Preview Assets.xcassets in Resources */,
				AC1DA96C23950819006F2436 /* Assets.xcassets in Resources */,
			);
			runOnlyForDeploymentPostprocessing = 0;
		};
/* End PBXResourcesBuildPhase section */

/* Begin PBXShellScriptBuildPhase section */
		F08C2FB9C7C4ACFE3AEA5CAB /* [CP] Check Pods Manifest.lock */ = {
			isa = PBXShellScriptBuildPhase;
			buildActionMask = 2147483647;
			files = (
			);
			inputFileListPaths = (
			);
			inputPaths = (
				"${PODS_PODFILE_DIR_PATH}/Podfile.lock",
				"${PODS_ROOT}/Manifest.lock",
			);
			name = "[CP] Check Pods Manifest.lock";
			outputFileListPaths = (
			);
			outputPaths = (
				"$(DERIVED_FILE_DIR)/Pods-Apple Signin with SwiftUI-checkManifestLockResult.txt",
			);
			runOnlyForDeploymentPostprocessing = 0;
			shellPath = /bin/sh;
			shellScript = "diff \"${PODS_PODFILE_DIR_PATH}/Podfile.lock\" \"${PODS_ROOT}/Manifest.lock\" > /dev/null\nif [ $? != 0 ] ; then\n    # print error to STDERR\n    echo \"error: The sandbox is not in sync with the Podfile.lock. Run 'pod install' or update your CocoaPods installation.\" >&2\n    exit 1\nfi\n# This output is used by Xcode 'outputs' to avoid re-running this script phase.\necho \"SUCCESS\" > \"${SCRIPT_OUTPUT_FILE_0}\"\n";
			showEnvVarsInLog = 0;
		};
/* End PBXShellScriptBuildPhase section */

/* Begin PBXSourcesBuildPhase section */
		AC1DA95E23950811006F2436 /* Sources */ = {
			isa = PBXSourcesBuildPhase;
			buildActionMask = 2147483647;
			files = (
				AC1DA98523950A06006F2436 /* SignInWithAppleManager.swift in Sources */,
				AC1DA96623950811006F2436 /* AppDelegate.swift in Sources */,
				AC1DA98123950A06006F2436 /* AuthState.swift in Sources */,
				AC1DA96823950811006F2436 /* SceneDelegate.swift in Sources */,
				AC1DA98223950A06006F2436 /* SignInWithAppleDelegates.swift in Sources */,
				AC1DA96A23950811006F2436 /* ContentView.swift in Sources */,
				AC1DA98323950A06006F2436 /* EnvironmentWindowKey.swift in Sources */,
				AC1DA98C2395188D006F2436 /* MainView.swift in Sources */,
				AC1DA98423950A06006F2436 /* SignInWithAppleButton.swift in Sources */,
				AC1DA9892395183F006F2436 /* LoginView.swift in Sources */,
				AC1DA98723951812006F2436 /* LaunchScreenView.swift in Sources */,
			);
			runOnlyForDeploymentPostprocessing = 0;
		};
/* End PBXSourcesBuildPhase section */

/* Begin PBXVariantGroup section */
		AC1DA97023950819006F2436 /* LaunchScreen.storyboard */ = {
			isa = PBXVariantGroup;
			children = (
				AC1DA97123950819006F2436 /* Base */,
			);
			name = LaunchScreen.storyboard;
			sourceTree = "<group>";
		};
/* End PBXVariantGroup section */

/* Begin XCBuildConfiguration section */
		AC1DA97423950819006F2436 /* Debug */ = {
			isa = XCBuildConfiguration;
			buildSettings = {
				ALWAYS_SEARCH_USER_PATHS = NO;
				CLANG_ANALYZER_NONNULL = YES;
				CLANG_ANALYZER_NUMBER_OBJECT_CONVERSION = YES_AGGRESSIVE;
				CLANG_CXX_LANGUAGE_STANDARD = "gnu++14";
				CLANG_CXX_LIBRARY = "libc++";
				CLANG_ENABLE_MODULES = YES;
				CLANG_ENABLE_OBJC_ARC = YES;
				CLANG_ENABLE_OBJC_WEAK = YES;
				CLANG_WARN_BLOCK_CAPTURE_AUTORELEASING = YES;
				CLANG_WARN_BOOL_CONVERSION = YES;
				CLANG_WARN_COMMA = YES;
				CLANG_WARN_CONSTANT_CONVERSION = YES;
				CLANG_WARN_DEPRECATED_OBJC_IMPLEMENTATIONS = YES;
				CLANG_WARN_DIRECT_OBJC_ISA_USAGE = YES_ERROR;
				CLANG_WARN_DOCUMENTATION_COMMENTS = YES;
				CLANG_WARN_EMPTY_BODY = YES;
				CLANG_WARN_ENUM_CONVERSION = YES;
				CLANG_WARN_INFINITE_RECURSION = YES;
				CLANG_WARN_INT_CONVERSION = YES;
				CLANG_WARN_NON_LITERAL_NULL_CONVERSION = YES;
				CLANG_WARN_OBJC_IMPLICIT_RETAIN_SELF = YES;
				CLANG_WARN_OBJC_LITERAL_CONVERSION = YES;
				CLANG_WARN_OBJC_ROOT_CLASS = YES_ERROR;
				CLANG_WARN_RANGE_LOOP_ANALYSIS = YES;
				CLANG_WARN_STRICT_PROTOTYPES = YES;
				CLANG_WARN_SUSPICIOUS_MOVE = YES;
				CLANG_WARN_UNGUARDED_AVAILABILITY = YES_AGGRESSIVE;
				CLANG_WARN_UNREACHABLE_CODE = YES;
				CLANG_WARN__DUPLICATE_METHOD_MATCH = YES;
				COPY_PHASE_STRIP = NO;
				DEBUG_INFORMATION_FORMAT = dwarf;
				ENABLE_STRICT_OBJC_MSGSEND = YES;
				ENABLE_TESTABILITY = YES;
				GCC_C_LANGUAGE_STANDARD = gnu11;
				GCC_DYNAMIC_NO_PIC = NO;
				GCC_NO_COMMON_BLOCKS = YES;
				GCC_OPTIMIZATION_LEVEL = 0;
				GCC_PREPROCESSOR_DEFINITIONS = (
					"DEBUG=1",
					"$(inherited)",
				);
				GCC_WARN_64_TO_32_BIT_CONVERSION = YES;
				GCC_WARN_ABOUT_RETURN_TYPE = YES_ERROR;
				GCC_WARN_UNDECLARED_SELECTOR = YES;
				GCC_WARN_UNINITIALIZED_AUTOS = YES_AGGRESSIVE;
				GCC_WARN_UNUSED_FUNCTION = YES;
				GCC_WARN_UNUSED_VARIABLE = YES;
				IPHONEOS_DEPLOYMENT_TARGET = 13.2;
				MTL_ENABLE_DEBUG_INFO = INCLUDE_SOURCE;
				MTL_FAST_MATH = YES;
				ONLY_ACTIVE_ARCH = YES;
				SDKROOT = iphoneos;
				SWIFT_ACTIVE_COMPILATION_CONDITIONS = DEBUG;
				SWIFT_OPTIMIZATION_LEVEL = "-Onone";
			};
			name = Debug;
		};
		AC1DA97523950819006F2436 /* Release */ = {
			isa = XCBuildConfiguration;
			buildSettings = {
				ALWAYS_SEARCH_USER_PATHS = NO;
				CLANG_ANALYZER_NONNULL = YES;
				CLANG_ANALYZER_NUMBER_OBJECT_CONVERSION = YES_AGGRESSIVE;
				CLANG_CXX_LANGUAGE_STANDARD = "gnu++14";
				CLANG_CXX_LIBRARY = "libc++";
				CLANG_ENABLE_MODULES = YES;
				CLANG_ENABLE_OBJC_ARC = YES;
				CLANG_ENABLE_OBJC_WEAK = YES;
				CLANG_WARN_BLOCK_CAPTURE_AUTORELEASING = YES;
				CLANG_WARN_BOOL_CONVERSION = YES;
				CLANG_WARN_COMMA = YES;
				CLANG_WARN_CONSTANT_CONVERSION = YES;
				CLANG_WARN_DEPRECATED_OBJC_IMPLEMENTATIONS = YES;
				CLANG_WARN_DIRECT_OBJC_ISA_USAGE = YES_ERROR;
				CLANG_WARN_DOCUMENTATION_COMMENTS = YES;
				CLANG_WARN_EMPTY_BODY = YES;
				CLANG_WARN_ENUM_CONVERSION = YES;
				CLANG_WARN_INFINITE_RECURSION = YES;
				CLANG_WARN_INT_CONVERSION = YES;
				CLANG_WARN_NON_LITERAL_NULL_CONVERSION = YES;
				CLANG_WARN_OBJC_IMPLICIT_RETAIN_SELF = YES;
				CLANG_WARN_OBJC_LITERAL_CONVERSION = YES;
				CLANG_WARN_OBJC_ROOT_CLASS = YES_ERROR;
				CLANG_WARN_RANGE_LOOP_ANALYSIS = YES;
				CLANG_WARN_STRICT_PROTOTYPES = YES;
				CLANG_WARN_SUSPICIOUS_MOVE = YES;
				CLANG_WARN_UNGUARDED_AVAILABILITY = YES_AGGRESSIVE;
				CLANG_WARN_UNREACHABLE_CODE = YES;
				CLANG_WARN__DUPLICATE_METHOD_MATCH = YES;
				COPY_PHASE_STRIP = NO;
				DEBUG_INFORMATION_FORMAT = "dwarf-with-dsym";
				ENABLE_NS_ASSERTIONS = NO;
				ENABLE_STRICT_OBJC_MSGSEND = YES;
				GCC_C_LANGUAGE_STANDARD = gnu11;
				GCC_NO_COMMON_BLOCKS = YES;
				GCC_WARN_64_TO_32_BIT_CONVERSION = YES;
				GCC_WARN_ABOUT_RETURN_TYPE = YES_ERROR;
				GCC_WARN_UNDECLARED_SELECTOR = YES;
				GCC_WARN_UNINITIALIZED_AUTOS = YES_AGGRESSIVE;
				GCC_WARN_UNUSED_FUNCTION = YES;
				GCC_WARN_UNUSED_VARIABLE = YES;
				IPHONEOS_DEPLOYMENT_TARGET = 13.2;
				MTL_ENABLE_DEBUG_INFO = NO;
				MTL_FAST_MATH = YES;
				SDKROOT = iphoneos;
				SWIFT_COMPILATION_MODE = wholemodule;
				SWIFT_OPTIMIZATION_LEVEL = "-O";
				VALIDATE_PRODUCT = YES;
			};
			name = Release;
		};
		AC1DA97723950819006F2436 /* Debug */ = {
			isa = XCBuildConfiguration;
			baseConfigurationReference = 43E1E764BF44A669E27465D8 /* Pods-Apple Signin with SwiftUI.debug.xcconfig */;
			buildSettings = {
				ASSETCATALOG_COMPILER_APPICON_NAME = AppIcon;
				CODE_SIGN_ENTITLEMENTS = "Apple Signin with SwiftUI/Apple Signin with SwiftUI.entitlements";
				CODE_SIGN_STYLE = Automatic;
				DEVELOPMENT_ASSET_PATHS = "\"Apple Signin with SwiftUI/Preview Content\"";
				DEVELOPMENT_TEAM = 898D22Z9A6;
				ENABLE_PREVIEWS = YES;
				INFOPLIST_FILE = "Apple Signin with SwiftUI/Info.plist";
				IPHONEOS_DEPLOYMENT_TARGET = 13.2;
				LD_RUNPATH_SEARCH_PATHS = (
					"$(inherited)",
					"@executable_path/Frameworks",
				);
				PRODUCT_BUNDLE_IDENTIFIER = Mugish.AppleSignInWithSwiftUI;
				PRODUCT_NAME = BluHome;
				SWIFT_VERSION = 5.0;
				TARGETED_DEVICE_FAMILY = "1,2";
			};
			name = Debug;
		};
		AC1DA97823950819006F2436 /* Release */ = {
			isa = XCBuildConfiguration;
			baseConfigurationReference = 327456C6DBBFA98F91072286 /* Pods-Apple Signin with SwiftUI.release.xcconfig */;
			buildSettings = {
				ASSETCATALOG_COMPILER_APPICON_NAME = AppIcon;
				CODE_SIGN_ENTITLEMENTS = "Apple Signin with SwiftUI/Apple Signin with SwiftUI.entitlements";
				CODE_SIGN_STYLE = Automatic;
				DEVELOPMENT_ASSET_PATHS = "\"Apple Signin with SwiftUI/Preview Content\"";
				DEVELOPMENT_TEAM = 898D22Z9A6;
				ENABLE_PREVIEWS = YES;
				INFOPLIST_FILE = "Apple Signin with SwiftUI/Info.plist";
				IPHONEOS_DEPLOYMENT_TARGET = 13.2;
				LD_RUNPATH_SEARCH_PATHS = (
					"$(inherited)",
					"@executable_path/Frameworks",
				);
				PRODUCT_BUNDLE_IDENTIFIER = Mugish.AppleSignInWithSwiftUI;
				PRODUCT_NAME = BluHome;
				SWIFT_VERSION = 5.0;
				TARGETED_DEVICE_FAMILY = "1,2";
			};
			name = Release;
		};
/* End XCBuildConfiguration section */

/* Begin XCConfigurationList section */
		AC1DA95D23950811006F2436 /* Build configuration list for PBXProject "Apple Signin with SwiftUI" */ = {
			isa = XCConfigurationList;
			buildConfigurations = (
				AC1DA97423950819006F2436 /* Debug */,
				AC1DA97523950819006F2436 /* Release */,
			);
			defaultConfigurationIsVisible = 0;
			defaultConfigurationName = Release;
		};
		AC1DA97623950819006F2436 /* Build configuration list for PBXNativeTarget "Apple Signin with SwiftUI" */ = {
			isa = XCConfigurationList;
			buildConfigurations = (
				AC1DA97723950819006F2436 /* Debug */,
				AC1DA97823950819006F2436 /* Release */,
			);
			defaultConfigurationIsVisible = 0;
			defaultConfigurationName = Release;
		};
/* End XCConfigurationList section */
	};
	rootObject = AC1DA95A23950811006F2436 /* Project object */;
}
